
Microsoft Visual Studio Solution File, Format Version 12.00
# Visual Studio 15
VisualStudioVersion = 15.0.28010.2016
MinimumVisualStudioVersion = 10.0.40219.1
Project("{FAE04EC0-301F-11D3-BF4B-00C04F79EFBC}") = "geojson-serialize-example", "geojson-serialize-example.csproj", "{873770D2-3691-453B-9CA5-158C529DC40F}"
EndProject
Global
	GlobalSection(SolutionConfigurationPlatforms) = preSolution
		Debug|Any CPU = Debug|Any CPU
		Release|Any CPU = Release|Any CPU
	EndGlobalSection
	GlobalSection(ProjectConfigurationPlatforms) = postSolution
		{873770D2-3691-453B-9CA5-158C529DC40F}.Debug|Any CPU.ActiveCfg = Debug|Any CPU
		{873770D2-3691-453B-9CA5-158C529DC40F}.Debug|Any CPU.Build.0 = Debug|Any CPU
		{873770D2-3691-453B-9CA5-158C529DC40F}.Release|Any CPU.ActiveCfg = Release|Any CPU
		{873770D2-3691-453B-9CA5-158C529DC40F}.Release|Any CPU.Build.0 = Release|Any CPU
	EndGlobalSection
	GlobalSection(SolutionProperties) = preSolution
		HideSolutionNode = FALSE
	EndGlobalSection
	GlobalSection(ExtensibilityGlobals) = postSolution
		SolutionGuid = {8233E7FB-CE32-4FD4-A12B-EF4F9620D039}
	EndGlobalSection
EndGlobal
