
Microsoft Visual Studio Solution File, Format Version 12.00
# Visual Studio 15
VisualStudioVersion = 15.0.28010.2016
MinimumVisualStudioVersion = 10.0.40219.1
Project("{FAE04EC0-301F-11D3-BF4B-00C04F79EFBC}") = "BigFileHoleCmd", "BigFileHoleCmd.csproj", "{AC6740EF-A599-478F-811B-A6D7DF8EBE9D}"
EndProject
Project("{9A19103F-16F7-4668-BE54-9A1E7A4F7556}") = "Agema.Common", "..\Agema\Agema.Common\Agema.Common.csproj", "{0B095337-A4C1-46BF-94D9-051DF039380C}"
EndProject
Global
	GlobalSection(SolutionConfigurationPlatforms) = preSolution
		Debug|Any CPU = Debug|Any CPU
		Release|Any CPU = Release|Any CPU
	EndGlobalSection
	GlobalSection(ProjectConfigurationPlatforms) = postSolution
		{AC6740EF-A599-478F-811B-A6D7DF8EBE9D}.Debug|Any CPU.ActiveCfg = Debug|Any CPU
		{AC6740EF-A599-478F-811B-A6D7DF8EBE9D}.Debug|Any CPU.Build.0 = Debug|Any CPU
		{AC6740EF-A599-478F-811B-A6D7DF8EBE9D}.Release|Any CPU.ActiveCfg = Release|Any CPU
		{AC6740EF-A599-478F-811B-A6D7DF8EBE9D}.Release|Any CPU.Build.0 = Release|Any CPU
		{0B095337-A4C1-46BF-94D9-051DF039380C}.Debug|Any CPU.ActiveCfg = Debug|Any CPU
		{0B095337-A4C1-46BF-94D9-051DF039380C}.Debug|Any CPU.Build.0 = Debug|Any CPU
		{0B095337-A4C1-46BF-94D9-051DF039380C}.Release|Any CPU.ActiveCfg = Release|Any CPU
		{0B095337-A4C1-46BF-94D9-051DF039380C}.Release|Any CPU.Build.0 = Release|Any CPU
	EndGlobalSection
	GlobalSection(SolutionProperties) = preSolution
		HideSolutionNode = FALSE
	EndGlobalSection
	GlobalSection(ExtensibilityGlobals) = postSolution
		SolutionGuid = {89D53D00-8ED9-403D-8A1E-91300CF077D5}
	EndGlobalSection
EndGlobal
